<Solution>
  <Folder Name="/00_AstronoPipe/" />
  <Folder Name="/00_AstronoPipe/Scripts/">
    <File Path="00_AstronoPipe/scripts/compare-01-core-migration-step.ps1" />
    <File Path="00_AstronoPipe/scripts/compare-02-dataset-integrity.ps1" />
    <File Path="00_AstronoPipe/scripts/compare-run-lastRun.ps1" />
    <File Path="00_AstronoPipe/scripts/run-pipeline.ps1" />
    <File Path="00_AstronoPipe/scripts/scenario-merger-step1.ps1" />
    <File Path="00_AstronoPipe/scripts/scenario-merger-step2.ps1" />
    <File Path="00_AstronoPipe/scripts/scenario-merger-step2_1.ps1" />
  </Folder>
  <Folder Name="/00_AstronoPipe/tools/">
    <Project Path="00_AstronoPipe/tools/ScenarioHeaderMerger/ScenarioHeaderMerger.csproj" Id="78d0dd5f-b63d-4999-9793-151dffee87f9" />
  </Folder>
  <Folder Name="/01_AstronoLab/" />
  <Folder Name="/01_AstronoLab/src/">
    <Project Path="01_AstronoLab/src/AstronoLab/AstronoLab.csproj" Id="3ec62cf7-b1a9-4a7c-b98f-179abb5896c1" />
  </Folder>
  <Folder Name="/02_ScenarioHeaderGenerator/" />
  <Folder Name="/02_ScenarioHeaderGenerator/src/">
    <Project Path="02_ScenarioHeaderGenerator/src/ScenarioHeaderGenerator.csproj" />
  </Folder>
  <Folder Name="/03_TruthFactory/" />
  <Folder Name="/03_TruthFactory/src/">
    <Project Path="03_TruthFactory/src/EphemerisFactory/EphemerisFactory.csproj" Id="2d0ace0a-cef4-47f0-b00d-9559ede25a1e" />
  </Folder>
  <Folder Name="/04_Astronometria/" />
  <Folder Name="/04_Astronometria/src/">
    <Project Path="04_Astronometria/src/Astronometria.Desktop/Astronometria.Desktop.csproj" Id="8edd55b3-8a61-4aa1-9b47-d19788102f58" />
  </Folder>
  <Folder Name="/05_AnalysisTool/" />
  <Folder Name="/05_AnalysisTool/src/">
    <Project Path="05_AnalysisTool/src/AnalysisTool.csproj" />
  </Folder>
  <Folder Name="/06_AstronoMeasurement/" />
  <Folder Name="/06_AstronoMeasurement/src/">
    <Project Path="06_AstronoMeasurement/src/AstronoMeasurement.csproj" />
  </Folder>
  <Folder Name="/AstronoData/" />
  <Folder Name="/AstronoData/00_Meta/" />
  <Folder Name="/AstronoData/00_Meta/DatasetDefinitions/" />
  <Folder Name="/AstronoData/00_Meta/Manifest/" />
  <Folder Name="/AstronoData/00_Meta/Provenance/" />
  <Folder Name="/AstronoData/00_Meta/Standards/" />
  <Folder Name="/AstronoData/01_CandidateData/" />
  <Folder Name="/AstronoData/01_CandidateData/Created/" />
  <Folder Name="/AstronoData/01_CandidateData/Released/">
    <File Path="AstronoData/01_CandidateData/Created/SCN_000001.json" />
    <File Path="AstronoData/01_CandidateData/Created/SCN_000002.json" />
    <File Path="AstronoData/01_CandidateData/Created/SCN_000003.json" />
    <File Path="AstronoData/01_CandidateData/Created/SCN_000004.json" />
    <File Path="AstronoData/01_CandidateData/Created/SCN_000005.json" />
    <File Path="AstronoData/01_CandidateData/Created/SCN_000006.json" />
    <File Path="AstronoData/01_CandidateData/Created/SCN_000007.json" />
    <File Path="AstronoData/01_CandidateData/Created/SCN_000008.json" />
    <File Path="AstronoData/01_CandidateData/Created/SCN_000009.json" />
    <File Path="AstronoData/01_CandidateData/Created/SCN_000010.json" />
    <File Path="AstronoData/01_CandidateData/Created/SCN_000011.json" />
    <File Path="AstronoData/01_CandidateData/Created/SCN_000012.json" />
    <File Path="AstronoData/01_CandidateData/Released/SCN_000013.json" />
    <File Path="AstronoData/01_CandidateData/Released/SCN_000014.json" />
    <File Path="AstronoData/01_CandidateData/Released/SCN_000015.json" />
    <File Path="AstronoData/01_CandidateData/Released/SCN_000016.json" />
    <File Path="AstronoData/01_CandidateData/Released/SCN_000017.json" />
    <File Path="AstronoData/01_CandidateData/Released/SCN_000018.json" />
    <File Path="AstronoData/01_CandidateData/Released/SCN_000019.json" />
    <File Path="AstronoData/01_CandidateData/Released/SCN_000020.json" />
    <File Path="AstronoData/01_CandidateData/Released/SCN_000021.json" />
    <File Path="AstronoData/01_CandidateData/Released/SCN_000022.json" />
    <File Path="AstronoData/01_CandidateData/Released/SCN_000023.json" />
    <File Path="AstronoData/01_CandidateData/Released/SCN_000024.json" />
    <File Path="AstronoData/01_CandidateData/Released/SCN_000025.json" />
    <File Path="AstronoData/01_CandidateData/Released/SCN_000026.json" />
    <File Path="AstronoData/01_CandidateData/Released/SCN_000027.json" />
    <File Path="AstronoData/01_CandidateData/Released/SCN_000028.json" />
    <File Path="AstronoData/01_CandidateData/Released/SCN_000029.json" />
    <File Path="AstronoData/01_CandidateData/Released/SCN_000030.json" />
    <File Path="AstronoData/01_CandidateData/Released/SCN_000031.json" />
    <File Path="AstronoData/01_CandidateData/Released/SCN_000032.json" />
    <File Path="AstronoData/01_CandidateData/Released/SCN_000033.json" />
    <File Path="AstronoData/01_CandidateData/Released/SCN_000034.json" />
    <File Path="AstronoData/01_CandidateData/Released/SCN_000035.json" />
    <File Path="AstronoData/01_CandidateData/Released/SCN_000036.json" />
    <File Path="AstronoData/01_CandidateData/Released/SCN_000037.json" />
    <File Path="AstronoData/01_CandidateData/Released/SCN_000038.json" />
    <File Path="AstronoData/01_CandidateData/Released/SCN_000039.json" />
    <File Path="AstronoData/01_CandidateData/Released/SCN_000040.json" />
    <File Path="AstronoData/01_CandidateData/Released/SCN_000041.json" />
    <File Path="AstronoData/01_CandidateData/Released/SCN_000042.json" />
    <File Path="AstronoData/01_CandidateData/Released/SCN_000043.json" />
    <File Path="AstronoData/01_CandidateData/Released/SCN_000044.json" />
    <File Path="AstronoData/01_CandidateData/Released/SCN_000045.json" />
    <File Path="AstronoData/01_CandidateData/Released/SCN_000046.json" />
    <File Path="AstronoData/01_CandidateData/Released/SCN_000047.json" />
    <File Path="AstronoData/01_CandidateData/Released/SCN_000048.json" />
    <File Path="AstronoData/01_CandidateData/Released/SCN_000049.json" />
    <File Path="AstronoData/01_CandidateData/Released/SCN_000050.json" />
    <File Path="AstronoData/01_CandidateData/Released/SCN_000051.json" />
    <File Path="AstronoData/01_CandidateData/Released/SCN_000052.json" />
    <File Path="AstronoData/01_CandidateData/Released/SCN_000053.json" />
    <File Path="AstronoData/01_CandidateData/Released/SCN_000054.json" />
    <File Path="AstronoData/01_CandidateData/Released/SCN_000055.json" />
    <File Path="AstronoData/01_CandidateData/Released/SCN_000056.json" />
    <File Path="AstronoData/01_CandidateData/Released/SCN_000057.json" />
    <File Path="AstronoData/01_CandidateData/Released/SCN_000058.json" />
    <File Path="AstronoData/01_CandidateData/Released/SCN_000059.json" />
    <File Path="AstronoData/01_CandidateData/Released/SCN_000060.json" />
    <File Path="AstronoData/01_CandidateData/Released/SCN_000061.json" />
    <File Path="AstronoData/01_CandidateData/Released/SCN_000062.json" />
    <File Path="AstronoData/01_CandidateData/Released/SCN_000063.json" />
    <File Path="AstronoData/01_CandidateData/Released/SCN_000064.json" />
    <File Path="AstronoData/01_CandidateData/Released/SCN_000065.json" />
    <File Path="AstronoData/01_CandidateData/Released/SCN_000066.json" />
    <File Path="AstronoData/01_CandidateData/Released/SCN_000067.json" />
    <File Path="AstronoData/01_CandidateData/Released/SCN_000068.json" />
    <File Path="AstronoData/01_CandidateData/Released/SCN_000069.json" />
    <File Path="AstronoData/01_CandidateData/Released/SCN_000070.json" />
    <File Path="AstronoData/01_CandidateData/Released/SCN_000071.json" />
    <File Path="AstronoData/01_CandidateData/Released/SCN_000072.json" />
    <File Path="AstronoData/01_CandidateData/Released/SCN_000073.json" />
    <File Path="AstronoData/01_CandidateData/Released/SCN_000074.json" />
    <File Path="AstronoData/01_CandidateData/Released/SCN_000075.json" />
    <File Path="AstronoData/01_CandidateData/Released/SCN_000076.json" />
    <File Path="AstronoData/01_CandidateData/Released/SCN_000077.json" />
    <File Path="AstronoData/01_CandidateData/Released/SCN_000078.json" />
    <File Path="AstronoData/01_CandidateData/Released/SCN_000079.json" />
    <File Path="AstronoData/01_CandidateData/Released/SCN_000080.json" />
    <File Path="AstronoData/01_CandidateData/Released/SCN_000081.json" />
    <File Path="AstronoData/01_CandidateData/Released/SCN_000082.json" />
    <File Path="AstronoData/01_CandidateData/Released/SCN_000083.json" />
    <File Path="AstronoData/01_CandidateData/Released/SCN_000084.json" />
    <File Path="AstronoData/01_CandidateData/Released/SCN_000085.json" />
    <File Path="AstronoData/01_CandidateData/Released/SCN_000086.json" />
    <File Path="AstronoData/01_CandidateData/Released/SCN_000087.json" />
    <File Path="AstronoData/01_CandidateData/Released/SCN_000088.json" />
    <File Path="AstronoData/01_CandidateData/Released/SCN_000089.json" />
    <File Path="AstronoData/01_CandidateData/Released/SCN_000090.json" />
    <File Path="AstronoData/01_CandidateData/Released/SCN_000091.json" />
    <File Path="AstronoData/01_CandidateData/Released/SCN_000092.json" />
    <File Path="AstronoData/01_CandidateData/Released/SCN_000093.json" />
    <File Path="AstronoData/01_CandidateData/Released/SCN_000094.json" />
    <File Path="AstronoData/01_CandidateData/Released/SCN_000095.json" />
    <File Path="AstronoData/01_CandidateData/Released/SCN_000096.json" />
    <File Path="AstronoData/01_CandidateData/Released/SCN_000097.json" />
    <File Path="AstronoData/01_CandidateData/Released/SCN_000098.json" />
    <File Path="AstronoData/01_CandidateData/Released/SCN_000099.json" />
    <File Path="AstronoData/01_CandidateData/Released/SCN_000100.json" />
    <File Path="AstronoData/01_CandidateData/Released/SCN_000101.json" />
    <File Path="AstronoData/01_CandidateData/Released/SCN_000102.json" />
    <File Path="AstronoData/01_CandidateData/Released/SCN_000103.json" />
    <File Path="AstronoData/01_CandidateData/Released/SCN_000104.json" />
    <File Path="AstronoData/01_CandidateData/Released/SCN_000105.json" />
    <File Path="AstronoData/01_CandidateData/Released/SCN_000106.json" />
    <File Path="AstronoData/01_CandidateData/Released/SCN_000107.json" />
    <File Path="AstronoData/01_CandidateData/Released/SCN_000108.json" />
    <File Path="AstronoData/01_CandidateData/Released/SCN_000109.json" />
    <File Path="AstronoData/01_CandidateData/Released/SCN_000110.json" />
    <File Path="AstronoData/01_CandidateData/Released/SCN_000111.json" />
    <File Path="AstronoData/01_CandidateData/Released/SCN_000112.json" />
    <File Path="AstronoData/01_CandidateData/Released/SCN_000113.json" />
    <File Path="AstronoData/01_CandidateData/Released/SCN_000114.json" />
    <File Path="AstronoData/01_CandidateData/Released/SCN_000115.json" />
    <File Path="AstronoData/01_CandidateData/Released/SCN_000116.json" />
    <File Path="AstronoData/01_CandidateData/Released/SCN_000117.json" />
    <File Path="AstronoData/01_CandidateData/Released/SCN_000118.json" />
    <File Path="AstronoData/01_CandidateData/Released/SCN_000119.json" />
    <File Path="AstronoData/01_CandidateData/Released/SCN_000120.json" />
    <File Path="AstronoData/01_CandidateData/Released/SCN_000121.json" />
    <File Path="AstronoData/01_CandidateData/Released/SCN_000122.json" />
    <File Path="AstronoData/01_CandidateData/Released/SCN_000123.json" />
    <File Path="AstronoData/01_CandidateData/Released/SCN_000124.json" />
    <File Path="AstronoData/01_CandidateData/Released/SCN_000125.json" />
    <File Path="AstronoData/01_CandidateData/Released/SCN_000126.json" />
    <File Path="AstronoData/01_CandidateData/Released/SCN_000127.json" />
    <File Path="AstronoData/01_CandidateData/Released/SCN_000128.json" />
    <File Path="AstronoData/01_CandidateData/Released/SCN_000129.json" />
    <File Path="AstronoData/01_CandidateData/Released/SCN_000130.json" />
    <File Path="AstronoData/01_CandidateData/Released/SCN_000131.json" />
    <File Path="AstronoData/01_CandidateData/Released/SCN_000132.json" />
    <File Path="AstronoData/01_CandidateData/Released/SCN_000133.json" />
    <File Path="AstronoData/01_CandidateData/Released/SCN_000134.json" />
    <File Path="AstronoData/01_CandidateData/Released/SCN_000135.json" />
    <File Path="AstronoData/01_CandidateData/Released/SCN_000136.json" />
    <File Path="AstronoData/01_CandidateData/Released/SCN_000137.json" />
    <File Path="AstronoData/01_CandidateData/Released/SCN_000138.json" />
    <File Path="AstronoData/01_CandidateData/Released/SCN_000139.json" />
    <File Path="AstronoData/01_CandidateData/Released/SCN_000140.json" />
    <File Path="AstronoData/01_CandidateData/Released/SCN_000141.json" />
    <File Path="AstronoData/01_CandidateData/Released/SCN_000142.json" />
    <File Path="AstronoData/01_CandidateData/Released/SCN_000143.json" />
    <File Path="AstronoData/01_CandidateData/Released/SCN_000144.json" />
  </Folder>
  <Folder Name="/AstronoData/02_ObservationCatalog/" />
  <Folder Name="/AstronoData/02_ObservationCatalog/Created/">
    <File Path="AstronoData/02_ObservationCatalog/Created/AS-000001.json" />
    <File Path="AstronoData/02_ObservationCatalog/Created/AS-000002.json" />
    <File Path="AstronoData/02_ObservationCatalog/Created/AS-000003.json" />
    <File Path="AstronoData/02_ObservationCatalog/Created/AS-000004.json" />
    <File Path="AstronoData/02_ObservationCatalog/Created/AS-000005.json" />
    <File Path="AstronoData/02_ObservationCatalog/Created/AS-000006.json" />
    <File Path="AstronoData/02_ObservationCatalog/Created/AS-000007.json" />
    <File Path="AstronoData/02_ObservationCatalog/Created/AS-000008.json" />
    <File Path="AstronoData/02_ObservationCatalog/Created/AS-000009.json" />
    <File Path="AstronoData/02_ObservationCatalog/Created/AS-000010.json" />
    <File Path="AstronoData/02_ObservationCatalog/Created/AS-000011.json" />
    <File Path="AstronoData/02_ObservationCatalog/Created/AS-000012.json" />
  </Folder>
  <Folder Name="/AstronoData/02_ObservationCatalog/Released/" />
  <Folder Name="/AstronoData/03_ReferenceData/" />
  <Folder Name="/AstronoData/03_ReferenceData/Released/" />
  <Folder Name="/AstronoData/03_ReferenceData/Runs/" />
  <Folder Name="/AstronoData/03_ReferenceData/Runs/LastRun/" />
  <Folder Name="/AstronoData/03_ReferenceData/Runs/Run/" />
  <Folder Name="/AstronoData/04_EngineData/" />
  <Folder Name="/AstronoData/04_EngineData/Released/" />
  <Folder Name="/AstronoData/04_EngineData/Runs/" />
  <Folder Name="/AstronoData/05_AnalysisData/" />
  <Folder Name="/AstronoData/05_AnalysisData/Released/" />
  <Folder Name="/AstronoData/05_AnalysisData/Runs/" />
</Solution>
