
Microsoft Visual Studio Solution File, Format Version 12.00
# Visual Studio Version 18
VisualStudioVersion = 18.2.11415.280
MinimumVisualStudioVersion = 10.0.40219.1
Project("{2150E333-8FDC-42A3-9474-1A3956D46DE8}") = "src", "src", "{536D46F6-C363-4E67-9157-B67E29B40B51}"
EndProject
Project("{2150E333-8FDC-42A3-9474-1A3956D46DE8}") = "test", "test", "{9BF81E85-6FAC-4F6C-ABA0-EC58F04C3D16}"
EndProject
Project("{FAE04EC0-301F-11D3-BF4B-00C04F79EFBC}") = "Astronometria", "src\Astronometria.Desktop\Astronometria.csproj", "{7A1701D6-A595-B1C6-66EA-A38AD3199C5D}"
EndProject
Project("{FAE04EC0-301F-11D3-BF4B-00C04F79EFBC}") = "AstroSim.Core", "src\AstroSim.Core\AstroSim.Core.csproj", "{F215484F-DEFF-1DF2-8C85-42A65D3050AA}"
EndProject
Project("{FAE04EC0-301F-11D3-BF4B-00C04F79EFBC}") = "AstroSim.Data", "src\AstroSim.Data\AstroSim.Data.csproj", "{B0B757D8-1B87-3EF5-BE50-D8F0EB37A359}"
EndProject
Project("{FAE04EC0-301F-11D3-BF4B-00C04F79EFBC}") = "AstroSim.Ephemerides", "src\AstroSim.Ephemerides\AstroSim.Ephemerides.csproj", "{13C89ED2-FE03-FDAE-B5DB-C139728303F2}"
EndProject
Project("{FAE04EC0-301F-11D3-BF4B-00C04F79EFBC}") = "AstroSim.Projection", "src\AstroSim.Projection\AstroSim.Projection.csproj", "{EBA2A888-6AAB-EA78-EDF2-01371878D112}"
EndProject
Project("{FAE04EC0-301F-11D3-BF4B-00C04F79EFBC}") = "AstroSim.Reporting", "src\AstroSim.Reporting\AstroSim.Reporting.csproj", "{58884A71-F23B-A38D-A064-F4389CAA4822}"
EndProject
Project("{FAE04EC0-301F-11D3-BF4B-00C04F79EFBC}") = "AstroSim.Simulation", "src\AstroSim.Simulation\AstroSim.Simulation.csproj", "{11CD43E1-CD40-8BA3-974E-E94C4C94A11A}"
EndProject
Project("{FAE04EC0-301F-11D3-BF4B-00C04F79EFBC}") = "AstroSim.Core.Tests", "test\AstroSim.Core.Tests\AstroSim.Core.Tests.csproj", "{F1E0BA69-6520-8D9F-82C9-AD5AF4B9C238}"
EndProject
Project("{FAE04EC0-301F-11D3-BF4B-00C04F79EFBC}") = "AstroSim.Data.Tests", "test\AstroSim.Data.Tests\AstroSim.Data.Tests.csproj", "{49B8EEA6-2B47-40B2-02AE-D5B5D54C9E1B}"
EndProject
Project("{FAE04EC0-301F-11D3-BF4B-00C04F79EFBC}") = "AstroSim.Ephemerides.Test", "test\AstroSim.Ephemerides.Test\AstroSim.Ephemerides.Test.csproj", "{1E695817-674C-B2D6-C2BC-A989C2B44698}"
EndProject
Project("{FAE04EC0-301F-11D3-BF4B-00C04F79EFBC}") = "AstroSim.Projection.Tests", "test\AstroSim.Projection.Tests\AstroSim.Projection.Tests.csproj", "{B594716D-80D8-110C-319E-EA0B153F7C81}"
EndProject
Project("{FAE04EC0-301F-11D3-BF4B-00C04F79EFBC}") = "AstroSim.Time.User", "src\AstroSim.Time.User\AstroSim.Time.User.csproj", "{ED7AA971-3146-4D3A-BFF5-FC4B918F6E3E}"
EndProject
Project("{FAE04EC0-301F-11D3-BF4B-00C04F79EFBC}") = "AstroSim.Time.Conversion", "src\AstroSim.Time.Conversion\AstroSim.Time.Conversion.csproj", "{0A20651F-03BD-4B64-8281-79F4329AA239}"
EndProject
Project("{FAE04EC0-301F-11D3-BF4B-00C04F79EFBC}") = "AstroSim.Time.Astro", "src\AstroSim.Time.Astro\AstroSim.Time.Astro.csproj", "{18E0293E-AD2D-D41E-DAD4-6EC1785F919C}"
EndProject
Global
	GlobalSection(SolutionConfigurationPlatforms) = preSolution
		Debug|Any CPU = Debug|Any CPU
		Release|Any CPU = Release|Any CPU
	EndGlobalSection
	GlobalSection(ProjectConfigurationPlatforms) = postSolution
		{7A1701D6-A595-B1C6-66EA-A38AD3199C5D}.Debug|Any CPU.ActiveCfg = Debug|Any CPU
		{7A1701D6-A595-B1C6-66EA-A38AD3199C5D}.Debug|Any CPU.Build.0 = Debug|Any CPU
		{7A1701D6-A595-B1C6-66EA-A38AD3199C5D}.Release|Any CPU.ActiveCfg = Release|Any CPU
		{7A1701D6-A595-B1C6-66EA-A38AD3199C5D}.Release|Any CPU.Build.0 = Release|Any CPU
		{F215484F-DEFF-1DF2-8C85-42A65D3050AA}.Debug|Any CPU.ActiveCfg = Debug|Any CPU
		{F215484F-DEFF-1DF2-8C85-42A65D3050AA}.Debug|Any CPU.Build.0 = Debug|Any CPU
		{F215484F-DEFF-1DF2-8C85-42A65D3050AA}.Release|Any CPU.ActiveCfg = Release|Any CPU
		{F215484F-DEFF-1DF2-8C85-42A65D3050AA}.Release|Any CPU.Build.0 = Release|Any CPU
		{B0B757D8-1B87-3EF5-BE50-D8F0EB37A359}.Debug|Any CPU.ActiveCfg = Debug|Any CPU
		{B0B757D8-1B87-3EF5-BE50-D8F0EB37A359}.Debug|Any CPU.Build.0 = Debug|Any CPU
		{B0B757D8-1B87-3EF5-BE50-D8F0EB37A359}.Release|Any CPU.ActiveCfg = Release|Any CPU
		{B0B757D8-1B87-3EF5-BE50-D8F0EB37A359}.Release|Any CPU.Build.0 = Release|Any CPU
		{13C89ED2-FE03-FDAE-B5DB-C139728303F2}.Debug|Any CPU.ActiveCfg = Debug|Any CPU
		{13C89ED2-FE03-FDAE-B5DB-C139728303F2}.Debug|Any CPU.Build.0 = Debug|Any CPU
		{13C89ED2-FE03-FDAE-B5DB-C139728303F2}.Release|Any CPU.ActiveCfg = Release|Any CPU
		{13C89ED2-FE03-FDAE-B5DB-C139728303F2}.Release|Any CPU.Build.0 = Release|Any CPU
		{EBA2A888-6AAB-EA78-EDF2-01371878D112}.Debug|Any CPU.ActiveCfg = Debug|Any CPU
		{EBA2A888-6AAB-EA78-EDF2-01371878D112}.Debug|Any CPU.Build.0 = Debug|Any CPU
		{EBA2A888-6AAB-EA78-EDF2-01371878D112}.Release|Any CPU.ActiveCfg = Release|Any CPU
		{EBA2A888-6AAB-EA78-EDF2-01371878D112}.Release|Any CPU.Build.0 = Release|Any CPU
		{58884A71-F23B-A38D-A064-F4389CAA4822}.Debug|Any CPU.ActiveCfg = Debug|Any CPU
		{58884A71-F23B-A38D-A064-F4389CAA4822}.Debug|Any CPU.Build.0 = Debug|Any CPU
		{58884A71-F23B-A38D-A064-F4389CAA4822}.Release|Any CPU.ActiveCfg = Release|Any CPU
		{58884A71-F23B-A38D-A064-F4389CAA4822}.Release|Any CPU.Build.0 = Release|Any CPU
		{11CD43E1-CD40-8BA3-974E-E94C4C94A11A}.Debug|Any CPU.ActiveCfg = Debug|Any CPU
		{11CD43E1-CD40-8BA3-974E-E94C4C94A11A}.Debug|Any CPU.Build.0 = Debug|Any CPU
		{11CD43E1-CD40-8BA3-974E-E94C4C94A11A}.Release|Any CPU.ActiveCfg = Release|Any CPU
		{11CD43E1-CD40-8BA3-974E-E94C4C94A11A}.Release|Any CPU.Build.0 = Release|Any CPU
		{F1E0BA69-6520-8D9F-82C9-AD5AF4B9C238}.Debug|Any CPU.ActiveCfg = Debug|Any CPU
		{F1E0BA69-6520-8D9F-82C9-AD5AF4B9C238}.Debug|Any CPU.Build.0 = Debug|Any CPU
		{F1E0BA69-6520-8D9F-82C9-AD5AF4B9C238}.Release|Any CPU.ActiveCfg = Release|Any CPU
		{F1E0BA69-6520-8D9F-82C9-AD5AF4B9C238}.Release|Any CPU.Build.0 = Release|Any CPU
		{49B8EEA6-2B47-40B2-02AE-D5B5D54C9E1B}.Debug|Any CPU.ActiveCfg = Debug|Any CPU
		{49B8EEA6-2B47-40B2-02AE-D5B5D54C9E1B}.Debug|Any CPU.Build.0 = Debug|Any CPU
		{49B8EEA6-2B47-40B2-02AE-D5B5D54C9E1B}.Release|Any CPU.ActiveCfg = Release|Any CPU
		{49B8EEA6-2B47-40B2-02AE-D5B5D54C9E1B}.Release|Any CPU.Build.0 = Release|Any CPU
		{1E695817-674C-B2D6-C2BC-A989C2B44698}.Debug|Any CPU.ActiveCfg = Debug|Any CPU
		{1E695817-674C-B2D6-C2BC-A989C2B44698}.Debug|Any CPU.Build.0 = Debug|Any CPU
		{1E695817-674C-B2D6-C2BC-A989C2B44698}.Release|Any CPU.ActiveCfg = Release|Any CPU
		{1E695817-674C-B2D6-C2BC-A989C2B44698}.Release|Any CPU.Build.0 = Release|Any CPU
		{B594716D-80D8-110C-319E-EA0B153F7C81}.Debug|Any CPU.ActiveCfg = Debug|Any CPU
		{B594716D-80D8-110C-319E-EA0B153F7C81}.Debug|Any CPU.Build.0 = Debug|Any CPU
		{B594716D-80D8-110C-319E-EA0B153F7C81}.Release|Any CPU.ActiveCfg = Release|Any CPU
		{B594716D-80D8-110C-319E-EA0B153F7C81}.Release|Any CPU.Build.0 = Release|Any CPU
		{ED7AA971-3146-4D3A-BFF5-FC4B918F6E3E}.Debug|Any CPU.ActiveCfg = Debug|Any CPU
		{ED7AA971-3146-4D3A-BFF5-FC4B918F6E3E}.Debug|Any CPU.Build.0 = Debug|Any CPU
		{ED7AA971-3146-4D3A-BFF5-FC4B918F6E3E}.Release|Any CPU.ActiveCfg = Release|Any CPU
		{ED7AA971-3146-4D3A-BFF5-FC4B918F6E3E}.Release|Any CPU.Build.0 = Release|Any CPU
		{0A20651F-03BD-4B64-8281-79F4329AA239}.Debug|Any CPU.ActiveCfg = Debug|Any CPU
		{0A20651F-03BD-4B64-8281-79F4329AA239}.Debug|Any CPU.Build.0 = Debug|Any CPU
		{0A20651F-03BD-4B64-8281-79F4329AA239}.Release|Any CPU.ActiveCfg = Release|Any CPU
		{0A20651F-03BD-4B64-8281-79F4329AA239}.Release|Any CPU.Build.0 = Release|Any CPU
		{18E0293E-AD2D-D41E-DAD4-6EC1785F919C}.Debug|Any CPU.ActiveCfg = Debug|Any CPU
		{18E0293E-AD2D-D41E-DAD4-6EC1785F919C}.Debug|Any CPU.Build.0 = Debug|Any CPU
		{18E0293E-AD2D-D41E-DAD4-6EC1785F919C}.Release|Any CPU.ActiveCfg = Release|Any CPU
		{18E0293E-AD2D-D41E-DAD4-6EC1785F919C}.Release|Any CPU.Build.0 = Release|Any CPU
	EndGlobalSection
	GlobalSection(SolutionProperties) = preSolution
		HideSolutionNode = FALSE
	EndGlobalSection
	GlobalSection(NestedProjects) = preSolution
		{7A1701D6-A595-B1C6-66EA-A38AD3199C5D} = {536D46F6-C363-4E67-9157-B67E29B40B51}
		{F215484F-DEFF-1DF2-8C85-42A65D3050AA} = {536D46F6-C363-4E67-9157-B67E29B40B51}
		{B0B757D8-1B87-3EF5-BE50-D8F0EB37A359} = {536D46F6-C363-4E67-9157-B67E29B40B51}
		{13C89ED2-FE03-FDAE-B5DB-C139728303F2} = {536D46F6-C363-4E67-9157-B67E29B40B51}
		{EBA2A888-6AAB-EA78-EDF2-01371878D112} = {536D46F6-C363-4E67-9157-B67E29B40B51}
		{58884A71-F23B-A38D-A064-F4389CAA4822} = {536D46F6-C363-4E67-9157-B67E29B40B51}
		{11CD43E1-CD40-8BA3-974E-E94C4C94A11A} = {536D46F6-C363-4E67-9157-B67E29B40B51}
		{F1E0BA69-6520-8D9F-82C9-AD5AF4B9C238} = {9BF81E85-6FAC-4F6C-ABA0-EC58F04C3D16}
		{49B8EEA6-2B47-40B2-02AE-D5B5D54C9E1B} = {9BF81E85-6FAC-4F6C-ABA0-EC58F04C3D16}
		{1E695817-674C-B2D6-C2BC-A989C2B44698} = {9BF81E85-6FAC-4F6C-ABA0-EC58F04C3D16}
		{B594716D-80D8-110C-319E-EA0B153F7C81} = {9BF81E85-6FAC-4F6C-ABA0-EC58F04C3D16}
		{ED7AA971-3146-4D3A-BFF5-FC4B918F6E3E} = {536D46F6-C363-4E67-9157-B67E29B40B51}
		{0A20651F-03BD-4B64-8281-79F4329AA239} = {536D46F6-C363-4E67-9157-B67E29B40B51}
		{18E0293E-AD2D-D41E-DAD4-6EC1785F919C} = {536D46F6-C363-4E67-9157-B67E29B40B51}
	EndGlobalSection
	GlobalSection(ExtensibilityGlobals) = postSolution
		SolutionGuid = {17843A2F-3E4A-4EC1-B3A2-D9FCE40466DE}
	EndGlobalSection
EndGlobal
